// !$*UTF8*$!
{
	archiveVersion = 1;
	classes = {
	};
	objectVersion = 46;
	objects = {

/* Begin PBXBuildFile section */
		0349D7D2BFE01710DFA0DA06 /* Pods_FurysApp.framework in Frameworks */ = {isa = PBXBuildFile; fileRef = 3E097DC9C2A91D735B1CC10A /* Pods_FurysApp.framework */; };
		BC0AF4241E86FBD50045782B /* RegisterController.swift in Sources */ = {isa = PBXBuildFile; fileRef = BC0AF4231E86FBD50045782B /* RegisterController.swift */; };
		BC0AF4281E8ACF2D0045782B /* LoginController.swift in Sources */ = {isa = PBXBuildFile; fileRef = BC0AF4271E8ACF2D0045782B /* LoginController.swift */; };
		BC0AF42A1E8AD06A0045782B /* FurysNavigationController.swift in Sources */ = {isa = PBXBuildFile; fileRef = BC0AF4291E8AD06A0045782B /* FurysNavigationController.swift */; };
		BC0AF42C1E8AD4B80045782B /* SelectionController.swift in Sources */ = {isa = PBXBuildFile; fileRef = BC0AF42B1E8AD4B80045782B /* SelectionController.swift */; };
		BC14481F1E86DB7B00D9D144 /* APIBrain.swift in Sources */ = {isa = PBXBuildFile; fileRef = BC14481E1E86DB7B00D9D144 /* APIBrain.swift */; };
		BC5694101E8DA182009E81F1 /* HalfCircleButton.swift in Sources */ = {isa = PBXBuildFile; fileRef = BC56940F1E8DA182009E81F1 /* HalfCircleButton.swift */; };
		BC75D2111E9D636600B50A42 /* DrinksTableViewCell.swift in Sources */ = {isa = PBXBuildFile; fileRef = BC75D2101E9D636600B50A42 /* DrinksTableViewCell.swift */; };
		BC75D2131E9E848C00B50A42 /* AccountViewController.swift in Sources */ = {isa = PBXBuildFile; fileRef = BC75D2121E9E848C00B50A42 /* AccountViewController.swift */; };
		BC75D2151E9E900E00B50A42 /* Drink.swift in Sources */ = {isa = PBXBuildFile; fileRef = BC75D2141E9E900E00B50A42 /* Drink.swift */; };
		BC75D2171E9E915500B50A42 /* User.swift in Sources */ = {isa = PBXBuildFile; fileRef = BC75D2161E9E915500B50A42 /* User.swift */; };
		BC866E5A1EC23E9700195C05 /* CheckoutViewController.swift in Sources */ = {isa = PBXBuildFile; fileRef = BC866E591EC23E9700195C05 /* CheckoutViewController.swift */; };
		BC866E5C1EC23EB100195C05 /* OrderTrackingViewController.swift in Sources */ = {isa = PBXBuildFile; fileRef = BC866E5B1EC23EB100195C05 /* OrderTrackingViewController.swift */; };
		BC996AFD1E8EAAC800D10B3C /* BeerTableViewController.swift in Sources */ = {isa = PBXBuildFile; fileRef = BC996AFC1E8EAAC800D10B3C /* BeerTableViewController.swift */; };
		BCBA10D11E817DE500B8F6AF /* AppDelegate.swift in Sources */ = {isa = PBXBuildFile; fileRef = BCBA10D01E817DE500B8F6AF /* AppDelegate.swift */; };
		BCBA10D31E817DE500B8F6AF /* ViewController.swift in Sources */ = {isa = PBXBuildFile; fileRef = BCBA10D21E817DE500B8F6AF /* ViewController.swift */; };
		BCBA10D61E817DE500B8F6AF /* Main.storyboard in Resources */ = {isa = PBXBuildFile; fileRef = BCBA10D41E817DE500B8F6AF /* Main.storyboard */; };
		BCBA10D81E817DE500B8F6AF /* Assets.xcassets in Resources */ = {isa = PBXBuildFile; fileRef = BCBA10D71E817DE500B8F6AF /* Assets.xcassets */; };
		BCBA10DB1E817DE500B8F6AF /* LaunchScreen.storyboard in Resources */ = {isa = PBXBuildFile; fileRef = BCBA10D91E817DE500B8F6AF /* LaunchScreen.storyboard */; };
		BCBA10E61E817DE500B8F6AF /* FurysAppTests.swift in Sources */ = {isa = PBXBuildFile; fileRef = BCBA10E51E817DE500B8F6AF /* FurysAppTests.swift */; };
		BCBA10F11E817DE500B8F6AF /* FurysAppUITests.swift in Sources */ = {isa = PBXBuildFile; fileRef = BCBA10F01E817DE500B8F6AF /* FurysAppUITests.swift */; };
		D49D94573BD27AF148B748B2 /* Pods_FurysAppTests.framework in Frameworks */ = {isa = PBXBuildFile; fileRef = 25D9F4B4CDCB3088B3739821 /* Pods_FurysAppTests.framework */; };
		E6B4EB6E297523539260C916 /* Pods_FurysAppUITests.framework in Frameworks */ = {isa = PBXBuildFile; fileRef = D6E92D26251F3D3A0BD07125 /* Pods_FurysAppUITests.framework */; };
/* End PBXBuildFile section */

/* Begin PBXContainerItemProxy section */
		BCBA10E21E817DE500B8F6AF /* PBXContainerItemProxy */ = {
			isa = PBXContainerItemProxy;
			containerPortal = BCBA10C51E817DE500B8F6AF /* Project object */;
			proxyType = 1;
			remoteGlobalIDString = BCBA10CC1E817DE500B8F6AF;
			remoteInfo = FurysApp;
		};
		BCBA10ED1E817DE500B8F6AF /* PBXContainerItemProxy */ = {
			isa = PBXContainerItemProxy;
			containerPortal = BCBA10C51E817DE500B8F6AF /* Project object */;
			proxyType = 1;
			remoteGlobalIDString = BCBA10CC1E817DE500B8F6AF;
			remoteInfo = FurysApp;
		};
/* End PBXContainerItemProxy section */

/* Begin PBXFileReference section */
		25D9F4B4CDCB3088B3739821 /* Pods_FurysAppTests.framework */ = {isa = PBXFileReference; explicitFileType = wrapper.framework; includeInIndex = 0; path = Pods_FurysAppTests.framework; sourceTree = BUILT_PRODUCTS_DIR; };
		3E097DC9C2A91D735B1CC10A /* Pods_FurysApp.framework */ = {isa = PBXFileReference; explicitFileType = wrapper.framework; includeInIndex = 0; path = Pods_FurysApp.framework; sourceTree = BUILT_PRODUCTS_DIR; };
		46CDFBC9F031635764BEFB34 /* Pods-FurysAppUITests.release.xcconfig */ = {isa = PBXFileReference; includeInIndex = 1; lastKnownFileType = text.xcconfig; name = "Pods-FurysAppUITests.release.xcconfig"; path = "Pods/Target Support Files/Pods-FurysAppUITests/Pods-FurysAppUITests.release.xcconfig"; sourceTree = "<group>"; };
		8A4A3796D8C9761BCFC0CB39 /* Pods-FurysAppTests.debug.xcconfig */ = {isa = PBXFileReference; includeInIndex = 1; lastKnownFileType = text.xcconfig; name = "Pods-FurysAppTests.debug.xcconfig"; path = "Pods/Target Support Files/Pods-FurysAppTests/Pods-FurysAppTests.debug.xcconfig"; sourceTree = "<group>"; };
		B971A787DC2591E57D18366C /* Pods-FurysApp.release.xcconfig */ = {isa = PBXFileReference; includeInIndex = 1; lastKnownFileType = text.xcconfig; name = "Pods-FurysApp.release.xcconfig"; path = "Pods/Target Support Files/Pods-FurysApp/Pods-FurysApp.release.xcconfig"; sourceTree = "<group>"; };
		BC0AF4231E86FBD50045782B /* RegisterController.swift */ = {isa = PBXFileReference; fileEncoding = 4; lastKnownFileType = sourcecode.swift; path = RegisterController.swift; sourceTree = "<group>"; };
		BC0AF4271E8ACF2D0045782B /* LoginController.swift */ = {isa = PBXFileReference; fileEncoding = 4; lastKnownFileType = sourcecode.swift; path = LoginController.swift; sourceTree = "<group>"; };
		BC0AF4291E8AD06A0045782B /* FurysNavigationController.swift */ = {isa = PBXFileReference; fileEncoding = 4; lastKnownFileType = sourcecode.swift; path = FurysNavigationController.swift; sourceTree = "<group>"; };
		BC0AF42B1E8AD4B80045782B /* SelectionController.swift */ = {isa = PBXFileReference; fileEncoding = 4; lastKnownFileType = sourcecode.swift; path = SelectionController.swift; sourceTree = "<group>"; };
		BC14481E1E86DB7B00D9D144 /* APIBrain.swift */ = {isa = PBXFileReference; fileEncoding = 4; lastKnownFileType = sourcecode.swift; path = APIBrain.swift; sourceTree = "<group>"; };
		BC56940F1E8DA182009E81F1 /* HalfCircleButton.swift */ = {isa = PBXFileReference; fileEncoding = 4; lastKnownFileType = sourcecode.swift; path = HalfCircleButton.swift; sourceTree = "<group>"; };
		BC5E350E1E8D791E005F30FE /* FurysApp.entitlements */ = {isa = PBXFileReference; lastKnownFileType = text.plist.entitlements; path = FurysApp.entitlements; sourceTree = "<group>"; };
		BC75D2101E9D636600B50A42 /* DrinksTableViewCell.swift */ = {isa = PBXFileReference; fileEncoding = 4; lastKnownFileType = sourcecode.swift; path = DrinksTableViewCell.swift; sourceTree = "<group>"; };
		BC75D2121E9E848C00B50A42 /* AccountViewController.swift */ = {isa = PBXFileReference; fileEncoding = 4; lastKnownFileType = sourcecode.swift; path = AccountViewController.swift; sourceTree = "<group>"; };
		BC75D2141E9E900E00B50A42 /* Drink.swift */ = {isa = PBXFileReference; fileEncoding = 4; lastKnownFileType = sourcecode.swift; path = Drink.swift; sourceTree = "<group>"; };
		BC75D2161E9E915500B50A42 /* User.swift */ = {isa = PBXFileReference; fileEncoding = 4; lastKnownFileType = sourcecode.swift; path = User.swift; sourceTree = "<group>"; };
		BC866E591EC23E9700195C05 /* CheckoutViewController.swift */ = {isa = PBXFileReference; fileEncoding = 4; lastKnownFileType = sourcecode.swift; name = CheckoutViewController.swift; path = ../CheckoutViewController.swift; sourceTree = "<group>"; };
		BC866E5B1EC23EB100195C05 /* OrderTrackingViewController.swift */ = {isa = PBXFileReference; fileEncoding = 4; lastKnownFileType = sourcecode.swift; name = OrderTrackingViewController.swift; path = ../OrderTrackingViewController.swift; sourceTree = "<group>"; };
		BC996AFC1E8EAAC800D10B3C /* BeerTableViewController.swift */ = {isa = PBXFileReference; fileEncoding = 4; lastKnownFileType = sourcecode.swift; path = BeerTableViewController.swift; sourceTree = "<group>"; };
		BCBA10CD1E817DE500B8F6AF /* FurysApp.app */ = {isa = PBXFileReference; explicitFileType = wrapper.application; includeInIndex = 0; path = FurysApp.app; sourceTree = BUILT_PRODUCTS_DIR; };
		BCBA10D01E817DE500B8F6AF /* AppDelegate.swift */ = {isa = PBXFileReference; lastKnownFileType = sourcecode.swift; path = AppDelegate.swift; sourceTree = "<group>"; };
		BCBA10D21E817DE500B8F6AF /* ViewController.swift */ = {isa = PBXFileReference; lastKnownFileType = sourcecode.swift; path = ViewController.swift; sourceTree = "<group>"; };
		BCBA10D51E817DE500B8F6AF /* Base */ = {isa = PBXFileReference; lastKnownFileType = file.storyboard; name = Base; path = Base.lproj/Main.storyboard; sourceTree = "<group>"; };
		BCBA10D71E817DE500B8F6AF /* Assets.xcassets */ = {isa = PBXFileReference; lastKnownFileType = folder.assetcatalog; path = Assets.xcassets; sourceTree = "<group>"; };
		BCBA10DA1E817DE500B8F6AF /* Base */ = {isa = PBXFileReference; lastKnownFileType = file.storyboard; name = Base; path = Base.lproj/LaunchScreen.storyboard; sourceTree = "<group>"; };
		BCBA10DC1E817DE500B8F6AF /* Info.plist */ = {isa = PBXFileReference; lastKnownFileType = text.plist.xml; path = Info.plist; sourceTree = "<group>"; };
		BCBA10E11E817DE500B8F6AF /* FurysAppTests.xctest */ = {isa = PBXFileReference; explicitFileType = wrapper.cfbundle; includeInIndex = 0; path = FurysAppTests.xctest; sourceTree = BUILT_PRODUCTS_DIR; };
		BCBA10E51E817DE500B8F6AF /* FurysAppTests.swift */ = {isa = PBXFileReference; lastKnownFileType = sourcecode.swift; path = FurysAppTests.swift; sourceTree = "<group>"; };
		BCBA10E71E817DE500B8F6AF /* Info.plist */ = {isa = PBXFileReference; lastKnownFileType = text.plist.xml; path = Info.plist; sourceTree = "<group>"; };
		BCBA10EC1E817DE500B8F6AF /* FurysAppUITests.xctest */ = {isa = PBXFileReference; explicitFileType = wrapper.cfbundle; includeInIndex = 0; path = FurysAppUITests.xctest; sourceTree = BUILT_PRODUCTS_DIR; };
		BCBA10F01E817DE500B8F6AF /* FurysAppUITests.swift */ = {isa = PBXFileReference; lastKnownFileType = sourcecode.swift; path = FurysAppUITests.swift; sourceTree = "<group>"; };
		BCBA10F21E817DE500B8F6AF /* Info.plist */ = {isa = PBXFileReference; lastKnownFileType = text.plist.xml; path = Info.plist; sourceTree = "<group>"; };
		C173DDF1F103A464CC81A33D /* Pods-FurysAppTests.release.xcconfig */ = {isa = PBXFileReference; includeInIndex = 1; lastKnownFileType = text.xcconfig; name = "Pods-FurysAppTests.release.xcconfig"; path = "Pods/Target Support Files/Pods-FurysAppTests/Pods-FurysAppTests.release.xcconfig"; sourceTree = "<group>"; };
		D6E92D26251F3D3A0BD07125 /* Pods_FurysAppUITests.framework */ = {isa = PBXFileReference; explicitFileType = wrapper.framework; includeInIndex = 0; path = Pods_FurysAppUITests.framework; sourceTree = BUILT_PRODUCTS_DIR; };
		E5FEB6DF2191C39BB388C171 /* Pods-FurysAppUITests.debug.xcconfig */ = {isa = PBXFileReference; includeInIndex = 1; lastKnownFileType = text.xcconfig; name = "Pods-FurysAppUITests.debug.xcconfig"; path = "Pods/Target Support Files/Pods-FurysAppUITests/Pods-FurysAppUITests.debug.xcconfig"; sourceTree = "<group>"; };
		E7244C075601A709AFD76365 /* Pods-FurysApp.debug.xcconfig */ = {isa = PBXFileReference; includeInIndex = 1; lastKnownFileType = text.xcconfig; name = "Pods-FurysApp.debug.xcconfig"; path = "Pods/Target Support Files/Pods-FurysApp/Pods-FurysApp.debug.xcconfig"; sourceTree = "<group>"; };
/* End PBXFileReference section */

/* Begin PBXFrameworksBuildPhase section */
		BCBA10CA1E817DE500B8F6AF /* Frameworks */ = {
			isa = PBXFrameworksBuildPhase;
			buildActionMask = 2147483647;
			files = (
				0349D7D2BFE01710DFA0DA06 /* Pods_FurysApp.framework in Frameworks */,
			);
			runOnlyForDeploymentPostprocessing = 0;
		};
		BCBA10DE1E817DE500B8F6AF /* Frameworks */ = {
			isa = PBXFrameworksBuildPhase;
			buildActionMask = 2147483647;
			files = (
				D49D94573BD27AF148B748B2 /* Pods_FurysAppTests.framework in Frameworks */,
			);
			runOnlyForDeploymentPostprocessing = 0;
		};
		BCBA10E91E817DE500B8F6AF /* Frameworks */ = {
			isa = PBXFrameworksBuildPhase;
			buildActionMask = 2147483647;
			files = (
				E6B4EB6E297523539260C916 /* Pods_FurysAppUITests.framework in Frameworks */,
			);
			runOnlyForDeploymentPostprocessing = 0;
		};
/* End PBXFrameworksBuildPhase section */

/* Begin PBXGroup section */
		7D3499AC4BF9DAF11311ADAC /* Pods */ = {
			isa = PBXGroup;
			children = (
				E7244C075601A709AFD76365 /* Pods-FurysApp.debug.xcconfig */,
				B971A787DC2591E57D18366C /* Pods-FurysApp.release.xcconfig */,
				8A4A3796D8C9761BCFC0CB39 /* Pods-FurysAppTests.debug.xcconfig */,
				C173DDF1F103A464CC81A33D /* Pods-FurysAppTests.release.xcconfig */,
				E5FEB6DF2191C39BB388C171 /* Pods-FurysAppUITests.debug.xcconfig */,
				46CDFBC9F031635764BEFB34 /* Pods-FurysAppUITests.release.xcconfig */,
			);
			name = Pods;
			sourceTree = "<group>";
		};
		8526EC89C95F8A6287391300 /* Frameworks */ = {
			isa = PBXGroup;
			children = (
				3E097DC9C2A91D735B1CC10A /* Pods_FurysApp.framework */,
				25D9F4B4CDCB3088B3739821 /* Pods_FurysAppTests.framework */,
				D6E92D26251F3D3A0BD07125 /* Pods_FurysAppUITests.framework */,
			);
			name = Frameworks;
			sourceTree = "<group>";
		};
		BCBA10C41E817DE500B8F6AF = {
			isa = PBXGroup;
			children = (
				BCBA10CF1E817DE500B8F6AF /* FurysApp */,
				BCBA10E41E817DE500B8F6AF /* FurysAppTests */,
				BCBA10EF1E817DE500B8F6AF /* FurysAppUITests */,
				BCBA10CE1E817DE500B8F6AF /* Products */,
				7D3499AC4BF9DAF11311ADAC /* Pods */,
				8526EC89C95F8A6287391300 /* Frameworks */,
			);
			sourceTree = "<group>";
		};
		BCBA10CE1E817DE500B8F6AF /* Products */ = {
			isa = PBXGroup;
			children = (
				BCBA10CD1E817DE500B8F6AF /* FurysApp.app */,
				BCBA10E11E817DE500B8F6AF /* FurysAppTests.xctest */,
				BCBA10EC1E817DE500B8F6AF /* FurysAppUITests.xctest */,
			);
			name = Products;
			sourceTree = "<group>";
		};
		BCBA10CF1E817DE500B8F6AF /* FurysApp */ = {
			isa = PBXGroup;
			children = (
				BC5E350E1E8D791E005F30FE /* FurysApp.entitlements */,
				BCBA10D01E817DE500B8F6AF /* AppDelegate.swift */,
				BCBA10D21E817DE500B8F6AF /* ViewController.swift */,
				BCBA10D41E817DE500B8F6AF /* Main.storyboard */,
				BC0AF42B1E8AD4B80045782B /* SelectionController.swift */,
				BC0AF4271E8ACF2D0045782B /* LoginController.swift */,
				BCBA10D71E817DE500B8F6AF /* Assets.xcassets */,
				BCBA10D91E817DE500B8F6AF /* LaunchScreen.storyboard */,
				BCBA10DC1E817DE500B8F6AF /* Info.plist */,
				BC14481E1E86DB7B00D9D144 /* APIBrain.swift */,
				BC0AF4231E86FBD50045782B /* RegisterController.swift */,
				BC0AF4291E8AD06A0045782B /* FurysNavigationController.swift */,
				BC56940F1E8DA182009E81F1 /* HalfCircleButton.swift */,
				BC996AFC1E8EAAC800D10B3C /* BeerTableViewController.swift */,
				BC75D2101E9D636600B50A42 /* DrinksTableViewCell.swift */,
				BC75D2121E9E848C00B50A42 /* AccountViewController.swift */,
				BC866E5B1EC23EB100195C05 /* OrderTrackingViewController.swift */,
				BC866E591EC23E9700195C05 /* CheckoutViewController.swift */,
				BC75D2141E9E900E00B50A42 /* Drink.swift */,
				BC75D2161E9E915500B50A42 /* User.swift */,
			);
			path = FurysApp;
			sourceTree = "<group>";
		};
		BCBA10E41E817DE500B8F6AF /* FurysAppTests */ = {
			isa = PBXGroup;
			children = (
				BCBA10E51E817DE500B8F6AF /* FurysAppTests.swift */,
				BCBA10E71E817DE500B8F6AF /* Info.plist */,
			);
			path = FurysAppTests;
			sourceTree = "<group>";
		};
		BCBA10EF1E817DE500B8F6AF /* FurysAppUITests */ = {
			isa = PBXGroup;
			children = (
				BCBA10F01E817DE500B8F6AF /* FurysAppUITests.swift */,
				BCBA10F21E817DE500B8F6AF /* Info.plist */,
			);
			path = FurysAppUITests;
			sourceTree = "<group>";
		};
/* End PBXGroup section */

/* Begin PBXNativeTarget section */
		BCBA10CC1E817DE500B8F6AF /* FurysApp */ = {
			isa = PBXNativeTarget;
			buildConfigurationList = BCBA10F51E817DE500B8F6AF /* Build configuration list for PBXNativeTarget "FurysApp" */;
			buildPhases = (
				2C6B30DE7A62C8B6E1B1F7DA /* [CP] Check Pods Manifest.lock */,
				BCBA10C91E817DE500B8F6AF /* Sources */,
				BCBA10CA1E817DE500B8F6AF /* Frameworks */,
				BCBA10CB1E817DE500B8F6AF /* Resources */,
				6121AE7531D9AF4C8F84A18B /* [CP] Embed Pods Frameworks */,
				D81EE8C7242EAC808C6A1A57 /* [CP] Copy Pods Resources */,
			);
			buildRules = (
			);
			dependencies = (
			);
			name = FurysApp;
			productName = FurysApp;
			productReference = BCBA10CD1E817DE500B8F6AF /* FurysApp.app */;
			productType = "com.apple.product-type.application";
		};
		BCBA10E01E817DE500B8F6AF /* FurysAppTests */ = {
			isa = PBXNativeTarget;
			buildConfigurationList = BCBA10F81E817DE500B8F6AF /* Build configuration list for PBXNativeTarget "FurysAppTests" */;
			buildPhases = (
				D43B478B61F90914D8908E75 /* [CP] Check Pods Manifest.lock */,
				BCBA10DD1E817DE500B8F6AF /* Sources */,
				BCBA10DE1E817DE500B8F6AF /* Frameworks */,
				BCBA10DF1E817DE500B8F6AF /* Resources */,
				5F5CCB6F63E20755593F7686 /* [CP] Embed Pods Frameworks */,
				149039967C30F81564C6AF72 /* [CP] Copy Pods Resources */,
			);
			buildRules = (
			);
			dependencies = (
				BCBA10E31E817DE500B8F6AF /* PBXTargetDependency */,
			);
			name = FurysAppTests;
			productName = FurysAppTests;
			productReference = BCBA10E11E817DE500B8F6AF /* FurysAppTests.xctest */;
			productType = "com.apple.product-type.bundle.unit-test";
		};
		BCBA10EB1E817DE500B8F6AF /* FurysAppUITests */ = {
			isa = PBXNativeTarget;
			buildConfigurationList = BCBA10FB1E817DE500B8F6AF /* Build configuration list for PBXNativeTarget "FurysAppUITests" */;
			buildPhases = (
				99B10B678173DDE2D1493879 /* [CP] Check Pods Manifest.lock */,
				BCBA10E81E817DE500B8F6AF /* Sources */,
				BCBA10E91E817DE500B8F6AF /* Frameworks */,
				BCBA10EA1E817DE500B8F6AF /* Resources */,
				704770E3313DA9FCBEC853E0 /* [CP] Embed Pods Frameworks */,
				1986FEBAB5928A9BB417AA44 /* [CP] Copy Pods Resources */,
			);
			buildRules = (
			);
			dependencies = (
				BCBA10EE1E817DE500B8F6AF /* PBXTargetDependency */,
			);
			name = FurysAppUITests;
			productName = FurysAppUITests;
			productReference = BCBA10EC1E817DE500B8F6AF /* FurysAppUITests.xctest */;
			productType = "com.apple.product-type.bundle.ui-testing";
		};
/* End PBXNativeTarget section */

/* Begin PBXProject section */
		BCBA10C51E817DE500B8F6AF /* Project object */ = {
			isa = PBXProject;
			attributes = {
				LastSwiftUpdateCheck = 0820;
				LastUpgradeCheck = 0820;
				ORGANIZATIONNAME = "Dion MacIntyre";
				TargetAttributes = {
					BCBA10CC1E817DE500B8F6AF = {
						CreatedOnToolsVersion = 8.2.1;
						DevelopmentTeam = JZAA8RECCB;
						ProvisioningStyle = Automatic;
						SystemCapabilities = {
							com.apple.ApplePay = {
								enabled = 0;
							};
						};
					};
					BCBA10E01E817DE500B8F6AF = {
						CreatedOnToolsVersion = 8.2.1;
						DevelopmentTeam = JZAA8RECCB;
						ProvisioningStyle = Automatic;
						TestTargetID = BCBA10CC1E817DE500B8F6AF;
					};
					BCBA10EB1E817DE500B8F6AF = {
						CreatedOnToolsVersion = 8.2.1;
						DevelopmentTeam = JZAA8RECCB;
						ProvisioningStyle = Automatic;
						TestTargetID = BCBA10CC1E817DE500B8F6AF;
					};
				};
			};
			buildConfigurationList = BCBA10C81E817DE500B8F6AF /* Build configuration list for PBXProject "FurysApp" */;
			compatibilityVersion = "Xcode 3.2";
			developmentRegion = English;
			hasScannedForEncodings = 0;
			knownRegions = (
				en,
				Base,
			);
			mainGroup = BCBA10C41E817DE500B8F6AF;
			productRefGroup = BCBA10CE1E817DE500B8F6AF /* Products */;
			projectDirPath = "";
			projectRoot = "";
			targets = (
				BCBA10CC1E817DE500B8F6AF /* FurysApp */,
				BCBA10E01E817DE500B8F6AF /* FurysAppTests */,
				BCBA10EB1E817DE500B8F6AF /* FurysAppUITests */,
			);
		};
/* End PBXProject section */

/* Begin PBXResourcesBuildPhase section */
		BCBA10CB1E817DE500B8F6AF /* Resources */ = {
			isa = PBXResourcesBuildPhase;
			buildActionMask = 2147483647;
			files = (
				BCBA10DB1E817DE500B8F6AF /* LaunchScreen.storyboard in Resources */,
				BCBA10D81E817DE500B8F6AF /* Assets.xcassets in Resources */,
				BCBA10D61E817DE500B8F6AF /* Main.storyboard in Resources */,
			);
			runOnlyForDeploymentPostprocessing = 0;
		};
		BCBA10DF1E817DE500B8F6AF /* Resources */ = {
			isa = PBXResourcesBuildPhase;
			buildActionMask = 2147483647;
			files = (
			);
			runOnlyForDeploymentPostprocessing = 0;
		};
		BCBA10EA1E817DE500B8F6AF /* Resources */ = {
			isa = PBXResourcesBuildPhase;
			buildActionMask = 2147483647;
			files = (
			);
			runOnlyForDeploymentPostprocessing = 0;
		};
/* End PBXResourcesBuildPhase section */

/* Begin PBXShellScriptBuildPhase section */
		149039967C30F81564C6AF72 /* [CP] Copy Pods Resources */ = {
			isa = PBXShellScriptBuildPhase;
			buildActionMask = 2147483647;
			files = (
			);
			inputPaths = (
			);
			name = "[CP] Copy Pods Resources";
			outputPaths = (
			);
			runOnlyForDeploymentPostprocessing = 0;
			shellPath = /bin/sh;
			shellScript = "\"${SRCROOT}/Pods/Target Support Files/Pods-FurysAppTests/Pods-FurysAppTests-resources.sh\"\n";
			showEnvVarsInLog = 0;
		};
		1986FEBAB5928A9BB417AA44 /* [CP] Copy Pods Resources */ = {
			isa = PBXShellScriptBuildPhase;
			buildActionMask = 2147483647;
			files = (
			);
			inputPaths = (
			);
			name = "[CP] Copy Pods Resources";
			outputPaths = (
			);
			runOnlyForDeploymentPostprocessing = 0;
			shellPath = /bin/sh;
			shellScript = "\"${SRCROOT}/Pods/Target Support Files/Pods-FurysAppUITests/Pods-FurysAppUITests-resources.sh\"\n";
			showEnvVarsInLog = 0;
		};
		2C6B30DE7A62C8B6E1B1F7DA /* [CP] Check Pods Manifest.lock */ = {
			isa = PBXShellScriptBuildPhase;
			buildActionMask = 2147483647;
			files = (
			);
			inputPaths = (
			);
			name = "[CP] Check Pods Manifest.lock";
			outputPaths = (
			);
			runOnlyForDeploymentPostprocessing = 0;
			shellPath = /bin/sh;
			shellScript = "diff \"${PODS_PODFILE_DIR_PATH}/Podfile.lock\" \"${PODS_ROOT}/Manifest.lock\" > /dev/null\nif [ $? != 0 ] ; then\n    # print error to STDERR\n    echo \"error: The sandbox is not in sync with the Podfile.lock. Run 'pod install' or update your CocoaPods installation.\" >&2\n    exit 1\nfi\n";
			showEnvVarsInLog = 0;
		};
		5F5CCB6F63E20755593F7686 /* [CP] Embed Pods Frameworks */ = {
			isa = PBXShellScriptBuildPhase;
			buildActionMask = 2147483647;
			files = (
			);
			inputPaths = (
			);
			name = "[CP] Embed Pods Frameworks";
			outputPaths = (
			);
			runOnlyForDeploymentPostprocessing = 0;
			shellPath = /bin/sh;
			shellScript = "\"${SRCROOT}/Pods/Target Support Files/Pods-FurysAppTests/Pods-FurysAppTests-frameworks.sh\"\n";
			showEnvVarsInLog = 0;
		};
		6121AE7531D9AF4C8F84A18B /* [CP] Embed Pods Frameworks */ = {
			isa = PBXShellScriptBuildPhase;
			buildActionMask = 2147483647;
			files = (
			);
			inputPaths = (
			);
			name = "[CP] Embed Pods Frameworks";
			outputPaths = (
			);
			runOnlyForDeploymentPostprocessing = 0;
			shellPath = /bin/sh;
			shellScript = "\"${SRCROOT}/Pods/Target Support Files/Pods-FurysApp/Pods-FurysApp-frameworks.sh\"\n";
			showEnvVarsInLog = 0;
		};
		704770E3313DA9FCBEC853E0 /* [CP] Embed Pods Frameworks */ = {
			isa = PBXShellScriptBuildPhase;
			buildActionMask = 2147483647;
			files = (
			);
			inputPaths = (
			);
			name = "[CP] Embed Pods Frameworks";
			outputPaths = (
			);
			runOnlyForDeploymentPostprocessing = 0;
			shellPath = /bin/sh;
			shellScript = "\"${SRCROOT}/Pods/Target Support Files/Pods-FurysAppUITests/Pods-FurysAppUITests-frameworks.sh\"\n";
			showEnvVarsInLog = 0;
		};
		99B10B678173DDE2D1493879 /* [CP] Check Pods Manifest.lock */ = {
			isa = PBXShellScriptBuildPhase;
			buildActionMask = 2147483647;
			files = (
			);
			inputPaths = (
			);
			name = "[CP] Check Pods Manifest.lock";
			outputPaths = (
			);
			runOnlyForDeploymentPostprocessing = 0;
			shellPath = /bin/sh;
			shellScript = "diff \"${PODS_PODFILE_DIR_PATH}/Podfile.lock\" \"${PODS_ROOT}/Manifest.lock\" > /dev/null\nif [ $? != 0 ] ; then\n    # print error to STDERR\n    echo \"error: The sandbox is not in sync with the Podfile.lock. Run 'pod install' or update your CocoaPods installation.\" >&2\n    exit 1\nfi\n";
			showEnvVarsInLog = 0;
		};
		D43B478B61F90914D8908E75 /* [CP] Check Pods Manifest.lock */ = {
			isa = PBXShellScriptBuildPhase;
			buildActionMask = 2147483647;
			files = (
			);
			inputPaths = (
			);
			name = "[CP] Check Pods Manifest.lock";
			outputPaths = (
			);
			runOnlyForDeploymentPostprocessing = 0;
			shellPath = /bin/sh;
			shellScript = "diff \"${PODS_PODFILE_DIR_PATH}/Podfile.lock\" \"${PODS_ROOT}/Manifest.lock\" > /dev/null\nif [ $? != 0 ] ; then\n    # print error to STDERR\n    echo \"error: The sandbox is not in sync with the Podfile.lock. Run 'pod install' or update your CocoaPods installation.\" >&2\n    exit 1\nfi\n";
			showEnvVarsInLog = 0;
		};
		D81EE8C7242EAC808C6A1A57 /* [CP] Copy Pods Resources */ = {
			isa = PBXShellScriptBuildPhase;
			buildActionMask = 2147483647;
			files = (
			);
			inputPaths = (
			);
			name = "[CP] Copy Pods Resources";
			outputPaths = (
			);
			runOnlyForDeploymentPostprocessing = 0;
			shellPath = /bin/sh;
			shellScript = "\"${SRCROOT}/Pods/Target Support Files/Pods-FurysApp/Pods-FurysApp-resources.sh\"\n";
			showEnvVarsInLog = 0;
		};
/* End PBXShellScriptBuildPhase section */

/* Begin PBXSourcesBuildPhase section */
		BCBA10C91E817DE500B8F6AF /* Sources */ = {
			isa = PBXSourcesBuildPhase;
			buildActionMask = 2147483647;
			files = (
				BC75D2171E9E915500B50A42 /* User.swift in Sources */,
				BC0AF4241E86FBD50045782B /* RegisterController.swift in Sources */,
				BC0AF42C1E8AD4B80045782B /* SelectionController.swift in Sources */,
				BCBA10D31E817DE500B8F6AF /* ViewController.swift in Sources */,
				BCBA10D11E817DE500B8F6AF /* AppDelegate.swift in Sources */,
				BC5694101E8DA182009E81F1 /* HalfCircleButton.swift in Sources */,
				BC866E5A1EC23E9700195C05 /* CheckoutViewController.swift in Sources */,
				BC14481F1E86DB7B00D9D144 /* APIBrain.swift in Sources */,
				BC75D2111E9D636600B50A42 /* DrinksTableViewCell.swift in Sources */,
				BC0AF4281E8ACF2D0045782B /* LoginController.swift in Sources */,
				BC0AF42A1E8AD06A0045782B /* FurysNavigationController.swift in Sources */,
				BC996AFD1E8EAAC800D10B3C /* BeerTableViewController.swift in Sources */,
				BC866E5C1EC23EB100195C05 /* OrderTrackingViewController.swift in Sources */,
				BC75D2151E9E900E00B50A42 /* Drink.swift in Sources */,
				BC75D2131E9E848C00B50A42 /* AccountViewController.swift in Sources */,
			);
			runOnlyForDeploymentPostprocessing = 0;
		};
		BCBA10DD1E817DE500B8F6AF /* Sources */ = {
			isa = PBXSourcesBuildPhase;
			buildActionMask = 2147483647;
			files = (
				BCBA10E61E817DE500B8F6AF /* FurysAppTests.swift in Sources */,
			);
			runOnlyForDeploymentPostprocessing = 0;
		};
		BCBA10E81E817DE500B8F6AF /* Sources */ = {
			isa = PBXSourcesBuildPhase;
			buildActionMask = 2147483647;
			files = (
				BCBA10F11E817DE500B8F6AF /* FurysAppUITests.swift in Sources */,
			);
			runOnlyForDeploymentPostprocessing = 0;
		};
/* End PBXSourcesBuildPhase section */

/* Begin PBXTargetDependency section */
		BCBA10E31E817DE500B8F6AF /* PBXTargetDependency */ = {
			isa = PBXTargetDependency;
			target = BCBA10CC1E817DE500B8F6AF /* FurysApp */;
			targetProxy = BCBA10E21E817DE500B8F6AF /* PBXContainerItemProxy */;
		};
		BCBA10EE1E817DE500B8F6AF /* PBXTargetDependency */ = {
			isa = PBXTargetDependency;
			target = BCBA10CC1E817DE500B8F6AF /* FurysApp */;
			targetProxy = BCBA10ED1E817DE500B8F6AF /* PBXContainerItemProxy */;
		};
/* End PBXTargetDependency section */

/* Begin PBXVariantGroup section */
		BCBA10D41E817DE500B8F6AF /* Main.storyboard */ = {
			isa = PBXVariantGroup;
			children = (
				BCBA10D51E817DE500B8F6AF /* Base */,
			);
			name = Main.storyboard;
			sourceTree = "<group>";
		};
		BCBA10D91E817DE500B8F6AF /* LaunchScreen.storyboard */ = {
			isa = PBXVariantGroup;
			children = (
				BCBA10DA1E817DE500B8F6AF /* Base */,
			);
			name = LaunchScreen.storyboard;
			sourceTree = "<group>";
		};
/* End PBXVariantGroup section */

/* Begin XCBuildConfiguration section */
		BCBA10F31E817DE500B8F6AF /* Debug */ = {
			isa = XCBuildConfiguration;
			buildSettings = {
				ALWAYS_SEARCH_USER_PATHS = NO;
				CLANG_ANALYZER_NONNULL = YES;
				CLANG_CXX_LANGUAGE_STANDARD = "gnu++0x";
				CLANG_CXX_LIBRARY = "libc++";
				CLANG_ENABLE_MODULES = YES;
				CLANG_ENABLE_OBJC_ARC = YES;
				CLANG_WARN_BOOL_CONVERSION = YES;
				CLANG_WARN_CONSTANT_CONVERSION = YES;
				CLANG_WARN_DIRECT_OBJC_ISA_USAGE = YES_ERROR;
				CLANG_WARN_DOCUMENTATION_COMMENTS = YES;
				CLANG_WARN_EMPTY_BODY = YES;
				CLANG_WARN_ENUM_CONVERSION = YES;
				CLANG_WARN_INFINITE_RECURSION = YES;
				CLANG_WARN_INT_CONVERSION = YES;
				CLANG_WARN_OBJC_ROOT_CLASS = YES_ERROR;
				CLANG_WARN_SUSPICIOUS_MOVE = YES;
				CLANG_WARN_UNREACHABLE_CODE = YES;
				CLANG_WARN__DUPLICATE_METHOD_MATCH = YES;
				"CODE_SIGN_IDENTITY[sdk=iphoneos*]" = "iPhone Developer";
				COPY_PHASE_STRIP = NO;
				DEBUG_INFORMATION_FORMAT = dwarf;
				ENABLE_STRICT_OBJC_MSGSEND = YES;
				ENABLE_TESTABILITY = YES;
				GCC_C_LANGUAGE_STANDARD = gnu99;
				GCC_DYNAMIC_NO_PIC = NO;
				GCC_NO_COMMON_BLOCKS = YES;
				GCC_OPTIMIZATION_LEVEL = 0;
				GCC_PREPROCESSOR_DEFINITIONS = (
					"DEBUG=1",
					"$(inherited)",
				);
				GCC_WARN_64_TO_32_BIT_CONVERSION = YES;
				GCC_WARN_ABOUT_RETURN_TYPE = YES_ERROR;
				GCC_WARN_UNDECLARED_SELECTOR = YES;
				GCC_WARN_UNINITIALIZED_AUTOS = YES_AGGRESSIVE;
				GCC_WARN_UNUSED_FUNCTION = YES;
				GCC_WARN_UNUSED_VARIABLE = YES;
				IPHONEOS_DEPLOYMENT_TARGET = 10.2;
				MTL_ENABLE_DEBUG_INFO = YES;
				ONLY_ACTIVE_ARCH = YES;
				SDKROOT = iphoneos;
				SWIFT_ACTIVE_COMPILATION_CONDITIONS = DEBUG;
				SWIFT_OPTIMIZATION_LEVEL = "-Onone";
				TARGETED_DEVICE_FAMILY = "1,2";
			};
			name = Debug;
		};
		BCBA10F41E817DE500B8F6AF /* Release */ = {
			isa = XCBuildConfiguration;
			buildSettings = {
				ALWAYS_SEARCH_USER_PATHS = NO;
				CLANG_ANALYZER_NONNULL = YES;
				CLANG_CXX_LANGUAGE_STANDARD = "gnu++0x";
				CLANG_CXX_LIBRARY = "libc++";
				CLANG_ENABLE_MODULES = YES;
				CLANG_ENABLE_OBJC_ARC = YES;
				CLANG_WARN_BOOL_CONVERSION = YES;
				CLANG_WARN_CONSTANT_CONVERSION = YES;
				CLANG_WARN_DIRECT_OBJC_ISA_USAGE = YES_ERROR;
				CLANG_WARN_DOCUMENTATION_COMMENTS = YES;
				CLANG_WARN_EMPTY_BODY = YES;
				CLANG_WARN_ENUM_CONVERSION = YES;
				CLANG_WARN_INFINITE_RECURSION = YES;
				CLANG_WARN_INT_CONVERSION = YES;
				CLANG_WARN_OBJC_ROOT_CLASS = YES_ERROR;
				CLANG_WARN_SUSPICIOUS_MOVE = YES;
				CLANG_WARN_UNREACHABLE_CODE = YES;
				CLANG_WARN__DUPLICATE_METHOD_MATCH = YES;
				"CODE_SIGN_IDENTITY[sdk=iphoneos*]" = "iPhone Developer";
				COPY_PHASE_STRIP = NO;
				DEBUG_INFORMATION_FORMAT = "dwarf-with-dsym";
				ENABLE_NS_ASSERTIONS = NO;
				ENABLE_STRICT_OBJC_MSGSEND = YES;
				GCC_C_LANGUAGE_STANDARD = gnu99;
				GCC_NO_COMMON_BLOCKS = YES;
				GCC_WARN_64_TO_32_BIT_CONVERSION = YES;
				GCC_WARN_ABOUT_RETURN_TYPE = YES_ERROR;
				GCC_WARN_UNDECLARED_SELECTOR = YES;
				GCC_WARN_UNINITIALIZED_AUTOS = YES_AGGRESSIVE;
				GCC_WARN_UNUSED_FUNCTION = YES;
				GCC_WARN_UNUSED_VARIABLE = YES;
				IPHONEOS_DEPLOYMENT_TARGET = 10.2;
				MTL_ENABLE_DEBUG_INFO = NO;
				SDKROOT = iphoneos;
				SWIFT_OPTIMIZATION_LEVEL = "-Owholemodule";
				TARGETED_DEVICE_FAMILY = "1,2";
				VALIDATE_PRODUCT = YES;
			};
			name = Release;
		};
		BCBA10F61E817DE500B8F6AF /* Debug */ = {
			isa = XCBuildConfiguration;
			baseConfigurationReference = E7244C075601A709AFD76365 /* Pods-FurysApp.debug.xcconfig */;
			buildSettings = {
				ASSETCATALOG_COMPILER_APPICON_NAME = AppIcon;
				DEVELOPMENT_TEAM = JZAA8RECCB;
				INFOPLIST_FILE = FurysApp/Info.plist;
				LD_RUNPATH_SEARCH_PATHS = "$(inherited) @executable_path/Frameworks";
				PRODUCT_BUNDLE_IDENTIFIER = com.Dionmm.FurysApp;
				PRODUCT_NAME = "$(TARGET_NAME)";
				SWIFT_VERSION = 3.0;
			};
			name = Debug;
		};
		BCBA10F71E817DE500B8F6AF /* Release */ = {
			isa = XCBuildConfiguration;
			baseConfigurationReference = B971A787DC2591E57D18366C /* Pods-FurysApp.release.xcconfig */;
			buildSettings = {
				ASSETCATALOG_COMPILER_APPICON_NAME = AppIcon;
				DEVELOPMENT_TEAM = JZAA8RECCB;
				INFOPLIST_FILE = FurysApp/Info.plist;
				LD_RUNPATH_SEARCH_PATHS = "$(inherited) @executable_path/Frameworks";
				PRODUCT_BUNDLE_IDENTIFIER = com.Dionmm.FurysApp;
				PRODUCT_NAME = "$(TARGET_NAME)";
				SWIFT_VERSION = 3.0;
			};
			name = Release;
		};
		BCBA10F91E817DE500B8F6AF /* Debug */ = {
			isa = XCBuildConfiguration;
			baseConfigurationReference = 8A4A3796D8C9761BCFC0CB39 /* Pods-FurysAppTests.debug.xcconfig */;
			buildSettings = {
				ALWAYS_EMBED_SWIFT_STANDARD_LIBRARIES = YES;
				BUNDLE_LOADER = "$(TEST_HOST)";
				DEVELOPMENT_TEAM = JZAA8RECCB;
				INFOPLIST_FILE = FurysAppTests/Info.plist;
				LD_RUNPATH_SEARCH_PATHS = "$(inherited) @executable_path/Frameworks @loader_path/Frameworks";
				PRODUCT_BUNDLE_IDENTIFIER = com.Dionmm.FurysAppTests;
				PRODUCT_NAME = "$(TARGET_NAME)";
				SWIFT_VERSION = 3.0;
				TEST_HOST = "$(BUILT_PRODUCTS_DIR)/FurysApp.app/FurysApp";
			};
			name = Debug;
		};
		BCBA10FA1E817DE500B8F6AF /* Release */ = {
			isa = XCBuildConfiguration;
			baseConfigurationReference = C173DDF1F103A464CC81A33D /* Pods-FurysAppTests.release.xcconfig */;
			buildSettings = {
				ALWAYS_EMBED_SWIFT_STANDARD_LIBRARIES = YES;
				BUNDLE_LOADER = "$(TEST_HOST)";
				DEVELOPMENT_TEAM = JZAA8RECCB;
				INFOPLIST_FILE = FurysAppTests/Info.plist;
				LD_RUNPATH_SEARCH_PATHS = "$(inherited) @executable_path/Frameworks @loader_path/Frameworks";
				PRODUCT_BUNDLE_IDENTIFIER = com.Dionmm.FurysAppTests;
				PRODUCT_NAME = "$(TARGET_NAME)";
				SWIFT_VERSION = 3.0;
				TEST_HOST = "$(BUILT_PRODUCTS_DIR)/FurysApp.app/FurysApp";
			};
			name = Release;
		};
		BCBA10FC1E817DE500B8F6AF /* Debug */ = {
			isa = XCBuildConfiguration;
			baseConfigurationReference = E5FEB6DF2191C39BB388C171 /* Pods-FurysAppUITests.debug.xcconfig */;
			buildSettings = {
				ALWAYS_EMBED_SWIFT_STANDARD_LIBRARIES = YES;
				DEVELOPMENT_TEAM = JZAA8RECCB;
				INFOPLIST_FILE = FurysAppUITests/Info.plist;
				LD_RUNPATH_SEARCH_PATHS = "$(inherited) @executable_path/Frameworks @loader_path/Frameworks";
				PRODUCT_BUNDLE_IDENTIFIER = com.Dionmm.FurysAppUITests;
				PRODUCT_NAME = "$(TARGET_NAME)";
				SWIFT_VERSION = 3.0;
				TEST_TARGET_NAME = FurysApp;
			};
			name = Debug;
		};
		BCBA10FD1E817DE500B8F6AF /* Release */ = {
			isa = XCBuildConfiguration;
			baseConfigurationReference = 46CDFBC9F031635764BEFB34 /* Pods-FurysAppUITests.release.xcconfig */;
			buildSettings = {
				ALWAYS_EMBED_SWIFT_STANDARD_LIBRARIES = YES;
				DEVELOPMENT_TEAM = JZAA8RECCB;
				INFOPLIST_FILE = FurysAppUITests/Info.plist;
				LD_RUNPATH_SEARCH_PATHS = "$(inherited) @executable_path/Frameworks @loader_path/Frameworks";
				PRODUCT_BUNDLE_IDENTIFIER = com.Dionmm.FurysAppUITests;
				PRODUCT_NAME = "$(TARGET_NAME)";
				SWIFT_VERSION = 3.0;
				TEST_TARGET_NAME = FurysApp;
			};
			name = Release;
		};
/* End XCBuildConfiguration section */

/* Begin XCConfigurationList section */
		BCBA10C81E817DE500B8F6AF /* Build configuration list for PBXProject "FurysApp" */ = {
			isa = XCConfigurationList;
			buildConfigurations = (
				BCBA10F31E817DE500B8F6AF /* Debug */,
				BCBA10F41E817DE500B8F6AF /* Release */,
			);
			defaultConfigurationIsVisible = 0;
			defaultConfigurationName = Release;
		};
		BCBA10F51E817DE500B8F6AF /* Build configuration list for PBXNativeTarget "FurysApp" */ = {
			isa = XCConfigurationList;
			buildConfigurations = (
				BCBA10F61E817DE500B8F6AF /* Debug */,
				BCBA10F71E817DE500B8F6AF /* Release */,
			);
			defaultConfigurationIsVisible = 0;
			defaultConfigurationName = Release;
		};
		BCBA10F81E817DE500B8F6AF /* Build configuration list for PBXNativeTarget "FurysAppTests" */ = {
			isa = XCConfigurationList;
			buildConfigurations = (
				BCBA10F91E817DE500B8F6AF /* Debug */,
				BCBA10FA1E817DE500B8F6AF /* Release */,
			);
			defaultConfigurationIsVisible = 0;
			defaultConfigurationName = Release;
		};
		BCBA10FB1E817DE500B8F6AF /* Build configuration list for PBXNativeTarget "FurysAppUITests" */ = {
			isa = XCConfigurationList;
			buildConfigurations = (
				BCBA10FC1E817DE500B8F6AF /* Debug */,
				BCBA10FD1E817DE500B8F6AF /* Release */,
			);
			defaultConfigurationIsVisible = 0;
			defaultConfigurationName = Release;
		};
/* End XCConfigurationList section */
	};
	rootObject = BCBA10C51E817DE500B8F6AF /* Project object */;
}
